
Microsoft Visual Studio Solution File, Format Version 12.00
# Visual Studio 15
VisualStudioVersion = 15.0.27703.2000
MinimumVisualStudioVersion = 10.0.40219.1
Project("{FAE04EC0-301F-11D3-BF4B-00C04F79EFBC}") = "GeografskaKartaNovo", "GeografskaKartaNovo\GeografskaKartaNovo.csproj", "{D1565C33-BBDA-4C0A-899C-9822719AA284}"
EndProject
Global
	GlobalSection(SolutionConfigurationPlatforms) = preSolution
		Debug|Any CPU = Debug|Any CPU
		Release|Any CPU = Release|Any CPU
	EndGlobalSection
	GlobalSection(ProjectConfigurationPlatforms) = postSolution
		{D1565C33-BBDA-4C0A-899C-9822719AA284}.Debug|Any CPU.ActiveCfg = Debug|Any CPU
		{D1565C33-BBDA-4C0A-899C-9822719AA284}.Debug|Any CPU.Build.0 = Debug|Any CPU
		{D1565C33-BBDA-4C0A-899C-9822719AA284}.Release|Any CPU.ActiveCfg = Release|Any CPU
		{D1565C33-BBDA-4C0A-899C-9822719AA284}.Release|Any CPU.Build.0 = Release|Any CPU
	EndGlobalSection
	GlobalSection(SolutionProperties) = preSolution
		HideSolutionNode = FALSE
	EndGlobalSection
	GlobalSection(ExtensibilityGlobals) = postSolution
		SolutionGuid = {32FE4A3B-793D-48D3-B447-E8F644394A53}
	EndGlobalSection
EndGlobal
